
Microsoft Visual Studio Solution File, Format Version 12.00
# Visual Studio 15
VisualStudioVersion = 15.0.28307.572
MinimumVisualStudioVersion = 10.0.40219.1
Project("{FAE04EC0-301F-11D3-BF4B-00C04F79EFBC}") = "Applicita.Recruitment.Task1", "Applicita.Recruitment.Task1\Applicita.Recruitment.Task1.csproj", "{9782C31F-7764-434D-A5E7-71958A196B93}"
EndProject
Global
	GlobalSection(SolutionConfigurationPlatforms) = preSolution
		Debug|Any CPU = Debug|Any CPU
		Release|Any CPU = Release|Any CPU
	EndGlobalSection
	GlobalSection(ProjectConfigurationPlatforms) = postSolution
		{9782C31F-7764-434D-A5E7-71958A196B93}.Debug|Any CPU.ActiveCfg = Debug|Any CPU
		{9782C31F-7764-434D-A5E7-71958A196B93}.Debug|Any CPU.Build.0 = Debug|Any CPU
		{9782C31F-7764-434D-A5E7-71958A196B93}.Release|Any CPU.ActiveCfg = Release|Any CPU
		{9782C31F-7764-434D-A5E7-71958A196B93}.Release|Any CPU.Build.0 = Release|Any CPU
	EndGlobalSection
	GlobalSection(SolutionProperties) = preSolution
		HideSolutionNode = FALSE
	EndGlobalSection
	GlobalSection(ExtensibilityGlobals) = postSolution
		SolutionGuid = {3EE14693-0833-4B56-B1CE-764AABB38F85}
	EndGlobalSection
EndGlobal
